
Microsoft Visual Studio Solution File, Format Version 12.00
# Visual Studio 15
VisualStudioVersion = 15.0.27428.2027
MinimumVisualStudioVersion = 10.0.40219.1
Project("{9A19103F-16F7-4668-BE54-9A1E7A4F7556}") = "SupervisedLearning", "SupervisedLearning\SupervisedLearning.csproj", "{662D499C-9F2C-4839-AEA0-F8933E1FA5B4}"
EndProject
Project("{9A19103F-16F7-4668-BE54-9A1E7A4F7556}") = "CombinatorialSpace", "CombinatorialSpace\CombinatorialSpace.csproj", "{7AF366E8-9366-4B7E-BBFA-37C8C7CF645D}"
EndProject
Project("{2150E333-8FDC-42A3-9474-1A3956D46DE8}") = "Tests", "Tests", "{5DA3A696-BEA4-49A7-AEB3-C1D1D273EEB3}"
EndProject
Project("{9A19103F-16F7-4668-BE54-9A1E7A4F7556}") = "Concepts", "Concepts\Concepts.csproj", "{53D8CBF2-E03B-4011-AAC8-926E1963407C}"
EndProject
Project("{FAE04EC0-301F-11D3-BF4B-00C04F79EFBC}") = "Concepts_Tests", "Concepts_Tests\Concepts_Tests.csproj", "{72D33509-6009-4B38-AC4D-522626CB801B}"
EndProject
Global
	GlobalSection(SolutionConfigurationPlatforms) = preSolution
		Debug|Any CPU = Debug|Any CPU
		Release|Any CPU = Release|Any CPU
	EndGlobalSection
	GlobalSection(ProjectConfigurationPlatforms) = postSolution
		{662D499C-9F2C-4839-AEA0-F8933E1FA5B4}.Debug|Any CPU.ActiveCfg = Debug|Any CPU
		{662D499C-9F2C-4839-AEA0-F8933E1FA5B4}.Debug|Any CPU.Build.0 = Debug|Any CPU
		{662D499C-9F2C-4839-AEA0-F8933E1FA5B4}.Release|Any CPU.ActiveCfg = Release|Any CPU
		{662D499C-9F2C-4839-AEA0-F8933E1FA5B4}.Release|Any CPU.Build.0 = Release|Any CPU
		{7AF366E8-9366-4B7E-BBFA-37C8C7CF645D}.Debug|Any CPU.ActiveCfg = Debug|Any CPU
		{7AF366E8-9366-4B7E-BBFA-37C8C7CF645D}.Debug|Any CPU.Build.0 = Debug|Any CPU
		{7AF366E8-9366-4B7E-BBFA-37C8C7CF645D}.Release|Any CPU.ActiveCfg = Release|Any CPU
		{7AF366E8-9366-4B7E-BBFA-37C8C7CF645D}.Release|Any CPU.Build.0 = Release|Any CPU
		{53D8CBF2-E03B-4011-AAC8-926E1963407C}.Debug|Any CPU.ActiveCfg = Debug|Any CPU
		{53D8CBF2-E03B-4011-AAC8-926E1963407C}.Debug|Any CPU.Build.0 = Debug|Any CPU
		{53D8CBF2-E03B-4011-AAC8-926E1963407C}.Release|Any CPU.ActiveCfg = Release|Any CPU
		{53D8CBF2-E03B-4011-AAC8-926E1963407C}.Release|Any CPU.Build.0 = Release|Any CPU
		{72D33509-6009-4B38-AC4D-522626CB801B}.Debug|Any CPU.ActiveCfg = Debug|Any CPU
		{72D33509-6009-4B38-AC4D-522626CB801B}.Debug|Any CPU.Build.0 = Debug|Any CPU
		{72D33509-6009-4B38-AC4D-522626CB801B}.Release|Any CPU.ActiveCfg = Release|Any CPU
		{72D33509-6009-4B38-AC4D-522626CB801B}.Release|Any CPU.Build.0 = Release|Any CPU
	EndGlobalSection
	GlobalSection(SolutionProperties) = preSolution
		HideSolutionNode = FALSE
	EndGlobalSection
	GlobalSection(NestedProjects) = preSolution
		{72D33509-6009-4B38-AC4D-522626CB801B} = {5DA3A696-BEA4-49A7-AEB3-C1D1D273EEB3}
	EndGlobalSection
	GlobalSection(ExtensibilityGlobals) = postSolution
		SolutionGuid = {3AFE3926-643B-4A2F-9E37-3BE1D7B10F66}
	EndGlobalSection
EndGlobal
